
Microsoft Visual Studio Solution File, Format Version 12.00
# Visual Studio Version 16
VisualStudioVersion = 16.0.29306.81
MinimumVisualStudioVersion = 10.0.40219.1
Project("{FAE04EC0-301F-11D3-BF4B-00C04F79EFBC}") = "segitiga-siku-kiri", "segitiga-siku-kiri\segitiga-siku-kiri.csproj", "{4D678006-A37A-4156-AB9A-FC67A6B31516}"
EndProject
Global
	GlobalSection(SolutionConfigurationPlatforms) = preSolution
		Debug|Any CPU = Debug|Any CPU
		Release|Any CPU = Release|Any CPU
	EndGlobalSection
	GlobalSection(ProjectConfigurationPlatforms) = postSolution
		{4D678006-A37A-4156-AB9A-FC67A6B31516}.Debug|Any CPU.ActiveCfg = Debug|Any CPU
		{4D678006-A37A-4156-AB9A-FC67A6B31516}.Debug|Any CPU.Build.0 = Debug|Any CPU
		{4D678006-A37A-4156-AB9A-FC67A6B31516}.Release|Any CPU.ActiveCfg = Release|Any CPU
		{4D678006-A37A-4156-AB9A-FC67A6B31516}.Release|Any CPU.Build.0 = Release|Any CPU
	EndGlobalSection
	GlobalSection(SolutionProperties) = preSolution
		HideSolutionNode = FALSE
	EndGlobalSection
	GlobalSection(ExtensibilityGlobals) = postSolution
		SolutionGuid = {4BFF921A-1EB1-4F07-9A2C-B5859C6C2666}
	EndGlobalSection
EndGlobal
